// !$*UTF8*$!
{
	archiveVersion = 1;
	classes = {
	};
	objectVersion = 52;
	objects = {

/* Begin PBXBuildFile section */
		8A19EC022351D9D100744D65 /* AppDelegateWrapper.swift in Sources */ = {isa = PBXBuildFile; fileRef = 8A19EC012351D9D100744D65 /* AppDelegateWrapper.swift */; };
		8A351C882551E11E0063289B /* Application.swift in Sources */ = {isa = PBXBuildFile; fileRef = 8A351C872551E11E0063289B /* Application.swift */; };
		8A351C8B2551E3FD0063289B /* RatesViewController.swift in Sources */ = {isa = PBXBuildFile; fileRef = 8A351C8A2551E3FD0063289B /* RatesViewController.swift */; };
		8A57CB9023599575008FEFCE /* GoogleService-Info.plist in Resources */ = {isa = PBXBuildFile; fileRef = 8A57CB8F23599575008FEFCE /* GoogleService-Info.plist */; };
		8A57CB9723599BD0008FEFCE /* AnalyticsScreenViews.swift in Sources */ = {isa = PBXBuildFile; fileRef = 8A57CB9223599BD0008FEFCE /* AnalyticsScreenViews.swift */; };
		8A57CB9923599BD0008FEFCE /* AnalyticsReporter.swift in Sources */ = {isa = PBXBuildFile; fileRef = 8A57CB9423599BD0008FEFCE /* AnalyticsReporter.swift */; };
		8A57CB9A23599BD0008FEFCE /* AnalyticsReporterWrapper.swift in Sources */ = {isa = PBXBuildFile; fileRef = 8A57CB9523599BD0008FEFCE /* AnalyticsReporterWrapper.swift */; };
		8A57CB9D2359A027008FEFCE /* VisibilityTrackingViewController.swift in Sources */ = {isa = PBXBuildFile; fileRef = 8A57CB9C2359A027008FEFCE /* VisibilityTrackingViewController.swift */; };
		8A57CB9F2359B821008FEFCE /* ForexConverterViewController.swift in Sources */ = {isa = PBXBuildFile; fileRef = 8A57CB9E2359B821008FEFCE /* ForexConverterViewController.swift */; };
		8A6155002368FEA600D0B439 /* Strings.bundle in Resources */ = {isa = PBXBuildFile; fileRef = 8A6154FF2368FEA600D0B439 /* Strings.bundle */; };
		8A79B5BF234B048900B1DBA6 /* Alamofire in Frameworks */ = {isa = PBXBuildFile; productRef = 8A79B5BE234B048900B1DBA6 /* Alamofire */; };
		8A929C98233B31690071EFC0 /* AppDelegate.swift in Sources */ = {isa = PBXBuildFile; fileRef = 8A929C97233B31690071EFC0 /* AppDelegate.swift */; };
		8A929CA0233B31690071EFC0 /* Forex_Converter.xcdatamodeld in Sources */ = {isa = PBXBuildFile; fileRef = 8A929C9E233B31690071EFC0 /* Forex_Converter.xcdatamodeld */; };
		8A929CA2233B316B0071EFC0 /* Assets.xcassets in Resources */ = {isa = PBXBuildFile; fileRef = 8A929CA1233B316B0071EFC0 /* Assets.xcassets */; };
		8A929CA5233B316B0071EFC0 /* LaunchScreen.storyboard in Resources */ = {isa = PBXBuildFile; fileRef = 8A929CA3233B316B0071EFC0 /* LaunchScreen.storyboard */; };
		8A929CCD233B336C0071EFC0 /* StoryboardCustomXibView.swift in Sources */ = {isa = PBXBuildFile; fileRef = 8A929CCB233B336B0071EFC0 /* StoryboardCustomXibView.swift */; };
		8A929CCE233B336C0071EFC0 /* UIViewConstraintsExtension.swift in Sources */ = {isa = PBXBuildFile; fileRef = 8A929CCC233B336B0071EFC0 /* UIViewConstraintsExtension.swift */; };
		8A929CD8233B43480071EFC0 /* Constants.swift in Sources */ = {isa = PBXBuildFile; fileRef = 8A929CD7233B43480071EFC0 /* Constants.swift */; };
		8A929D2B233BEAA90071EFC0 /* NetworkManager.swift in Sources */ = {isa = PBXBuildFile; fileRef = 8A929D2A233BEAA90071EFC0 /* NetworkManager.swift */; };
		8A929D2F233C05420071EFC0 /* BankOfIsraelParser.swift in Sources */ = {isa = PBXBuildFile; fileRef = 8A929D2E233C05420071EFC0 /* BankOfIsraelParser.swift */; };
		8A929D33233C0C5F0071EFC0 /* Currency.swift in Sources */ = {isa = PBXBuildFile; fileRef = 8A929D32233C0C5F0071EFC0 /* Currency.swift */; };
		8AA9119C2552B5E200ABCAA9 /* RSSItem.swift in Sources */ = {isa = PBXBuildFile; fileRef = 8AA911972552B5E200ABCAA9 /* RSSItem.swift */; };
		8AA9119E2552B5E200ABCAA9 /* RSSParser.swift in Sources */ = {isa = PBXBuildFile; fileRef = 8AA9119A2552B5E200ABCAA9 /* RSSParser.swift */; };
		8AA911A42552BBF700ABCAA9 /* FeedTableViewController.swift in Sources */ = {isa = PBXBuildFile; fileRef = 8AA911A32552BBF700ABCAA9 /* FeedTableViewController.swift */; };
		8AA911A82552C01E00ABCAA9 /* FeedTableViewCell.swift in Sources */ = {isa = PBXBuildFile; fileRef = 8AA911A62552C01E00ABCAA9 /* FeedTableViewCell.swift */; };
		8AA911A92552C01E00ABCAA9 /* FeedTableViewCell.xib in Resources */ = {isa = PBXBuildFile; fileRef = 8AA911A72552C01E00ABCAA9 /* FeedTableViewCell.xib */; };
		8AA911AC2553047000ABCAA9 /* Locale+Extension.swift in Sources */ = {isa = PBXBuildFile; fileRef = 8AA911AB2553047000ABCAA9 /* Locale+Extension.swift */; };
		8AA911CD2553307A00ABCAA9 /* Coordinator.swift in Sources */ = {isa = PBXBuildFile; fileRef = 8AA911CC2553307A00ABCAA9 /* Coordinator.swift */; };
		8AA911D0255330AE00ABCAA9 /* ApplicationCoordinator.swift in Sources */ = {isa = PBXBuildFile; fileRef = 8AA911CF255330AE00ABCAA9 /* ApplicationCoordinator.swift */; };
		8AA911D42553336B00ABCAA9 /* RatesViewController.xib in Resources */ = {isa = PBXBuildFile; fileRef = 8AA911D32553336B00ABCAA9 /* RatesViewController.xib */; };
		8AA911E02553B32800ABCAA9 /* NSObject+Extension.swift in Sources */ = {isa = PBXBuildFile; fileRef = 8AA911DF2553B32800ABCAA9 /* NSObject+Extension.swift */; };
		8AA911E62553B97100ABCAA9 /* FeedViewModel.swift in Sources */ = {isa = PBXBuildFile; fileRef = 8AA911E52553B97100ABCAA9 /* FeedViewModel.swift */; };
		8AA911FD2554063D00ABCAA9 /* RatesViewModel.swift in Sources */ = {isa = PBXBuildFile; fileRef = 8AA911FC2554063D00ABCAA9 /* RatesViewModel.swift */; };
		8AA912012554237300ABCAA9 /* DateFormatter+Extension.swift in Sources */ = {isa = PBXBuildFile; fileRef = 8AA912002554237300ABCAA9 /* DateFormatter+Extension.swift */; };
		8AA9121A2554283100ABCAA9 /* FeedTableViewController.xib in Resources */ = {isa = PBXBuildFile; fileRef = 8AA912192554283100ABCAA9 /* FeedTableViewController.xib */; };
		8AA9121E2554300D00ABCAA9 /* RatesConverterViewController.swift in Sources */ = {isa = PBXBuildFile; fileRef = 8AA9121C2554300D00ABCAA9 /* RatesConverterViewController.swift */; };
		8AA9121F2554300D00ABCAA9 /* RatesConverterViewController.xib in Resources */ = {isa = PBXBuildFile; fileRef = 8AA9121D2554300D00ABCAA9 /* RatesConverterViewController.xib */; };
		8AA9122F25545F2000ABCAA9 /* RatesConverterViewModel.swift in Sources */ = {isa = PBXBuildFile; fileRef = 8AA9122E25545F2000ABCAA9 /* RatesConverterViewModel.swift */; };
		8AA9123325545F7000ABCAA9 /* InstagramStory.swift in Sources */ = {isa = PBXBuildFile; fileRef = 8AA9123225545F7000ABCAA9 /* InstagramStory.swift */; };
		8AA912422555266C00ABCAA9 /* RatesConverterTableViewCell.swift in Sources */ = {isa = PBXBuildFile; fileRef = 8AA912402555266C00ABCAA9 /* RatesConverterTableViewCell.swift */; };
		8AA912432555266C00ABCAA9 /* RatesConverterTableViewCell.xib in Resources */ = {isa = PBXBuildFile; fileRef = 8AA912412555266C00ABCAA9 /* RatesConverterTableViewCell.xib */; };
		8AA9124B255530F800ABCAA9 /* UIImage+Extension.swift in Sources */ = {isa = PBXBuildFile; fileRef = 8AA9124A255530F800ABCAA9 /* UIImage+Extension.swift */; };
		8ABB7A512551DC750023D59B /* RateTableViewCell.swift in Sources */ = {isa = PBXBuildFile; fileRef = 8ABB7A4F2551DC750023D59B /* RateTableViewCell.swift */; };
		8ABB7A522551DC750023D59B /* RateTableViewCell.xib in Resources */ = {isa = PBXBuildFile; fileRef = 8ABB7A502551DC750023D59B /* RateTableViewCell.xib */; };
		B2038B8011D0C71F34A0FC15 /* Pods_Forex_Converter.framework in Frameworks */ = {isa = PBXBuildFile; fileRef = F68C93A712B03DCAE450B9C4 /* Pods_Forex_Converter.framework */; };
/* End PBXBuildFile section */

/* Begin PBXCopyFilesBuildPhase section */
		8A97CCF22346A2F400DD4C3E /* Embed App Extensions */ = {
			isa = PBXCopyFilesBuildPhase;
			buildActionMask = 2147483647;
			dstPath = "";
			dstSubfolderSpec = 13;
			files = (
			);
			name = "Embed App Extensions";
			runOnlyForDeploymentPostprocessing = 0;
		};
/* End PBXCopyFilesBuildPhase section */

/* Begin PBXFileReference section */
		48DF566611D4B81295D88904 /* Pods-Forex Converter.release.xcconfig */ = {isa = PBXFileReference; includeInIndex = 1; lastKnownFileType = text.xcconfig; name = "Pods-Forex Converter.release.xcconfig"; path = "Target Support Files/Pods-Forex Converter/Pods-Forex Converter.release.xcconfig"; sourceTree = "<group>"; };
		8A19EC012351D9D100744D65 /* AppDelegateWrapper.swift */ = {isa = PBXFileReference; lastKnownFileType = sourcecode.swift; path = AppDelegateWrapper.swift; sourceTree = "<group>"; };
		8A351C872551E11E0063289B /* Application.swift */ = {isa = PBXFileReference; lastKnownFileType = sourcecode.swift; path = Application.swift; sourceTree = "<group>"; };
		8A351C8A2551E3FD0063289B /* RatesViewController.swift */ = {isa = PBXFileReference; lastKnownFileType = sourcecode.swift; path = RatesViewController.swift; sourceTree = "<group>"; };
		8A57CB8F23599575008FEFCE /* GoogleService-Info.plist */ = {isa = PBXFileReference; fileEncoding = 4; lastKnownFileType = text.plist.xml; path = "GoogleService-Info.plist"; sourceTree = "<group>"; };
		8A57CB9223599BD0008FEFCE /* AnalyticsScreenViews.swift */ = {isa = PBXFileReference; fileEncoding = 4; lastKnownFileType = sourcecode.swift; path = AnalyticsScreenViews.swift; sourceTree = "<group>"; };
		8A57CB9423599BD0008FEFCE /* AnalyticsReporter.swift */ = {isa = PBXFileReference; fileEncoding = 4; lastKnownFileType = sourcecode.swift; path = AnalyticsReporter.swift; sourceTree = "<group>"; };
		8A57CB9523599BD0008FEFCE /* AnalyticsReporterWrapper.swift */ = {isa = PBXFileReference; fileEncoding = 4; lastKnownFileType = sourcecode.swift; path = AnalyticsReporterWrapper.swift; sourceTree = "<group>"; };
		8A57CB9C2359A027008FEFCE /* VisibilityTrackingViewController.swift */ = {isa = PBXFileReference; lastKnownFileType = sourcecode.swift; path = VisibilityTrackingViewController.swift; sourceTree = "<group>"; };
		8A57CB9E2359B821008FEFCE /* ForexConverterViewController.swift */ = {isa = PBXFileReference; lastKnownFileType = sourcecode.swift; path = ForexConverterViewController.swift; sourceTree = "<group>"; };
		8A6154FE2368FE5800D0B439 /* Forex Converter.entitlements */ = {isa = PBXFileReference; lastKnownFileType = text.plist.entitlements; path = "Forex Converter.entitlements"; sourceTree = "<group>"; };
		8A6154FF2368FEA600D0B439 /* Strings.bundle */ = {isa = PBXFileReference; lastKnownFileType = "wrapper.plug-in"; path = Strings.bundle; sourceTree = "<group>"; };
		8A929C94233B31690071EFC0 /* Forex Converter.app */ = {isa = PBXFileReference; explicitFileType = wrapper.application; includeInIndex = 0; path = "Forex Converter.app"; sourceTree = BUILT_PRODUCTS_DIR; };
		8A929C97233B31690071EFC0 /* AppDelegate.swift */ = {isa = PBXFileReference; lastKnownFileType = sourcecode.swift; path = AppDelegate.swift; sourceTree = "<group>"; };
		8A929C9F233B31690071EFC0 /* Forex_Converter.xcdatamodel */ = {isa = PBXFileReference; lastKnownFileType = wrapper.xcdatamodel; path = Forex_Converter.xcdatamodel; sourceTree = "<group>"; };
		8A929CA1233B316B0071EFC0 /* Assets.xcassets */ = {isa = PBXFileReference; lastKnownFileType = folder.assetcatalog; path = Assets.xcassets; sourceTree = "<group>"; };
		8A929CA4233B316B0071EFC0 /* Base */ = {isa = PBXFileReference; lastKnownFileType = file.storyboard; name = Base; path = Base.lproj/LaunchScreen.storyboard; sourceTree = "<group>"; };
		8A929CA6233B316B0071EFC0 /* Info.plist */ = {isa = PBXFileReference; lastKnownFileType = text.plist.xml; path = Info.plist; sourceTree = "<group>"; };
		8A929CCB233B336B0071EFC0 /* StoryboardCustomXibView.swift */ = {isa = PBXFileReference; fileEncoding = 4; lastKnownFileType = sourcecode.swift; path = StoryboardCustomXibView.swift; sourceTree = "<group>"; };
		8A929CCC233B336B0071EFC0 /* UIViewConstraintsExtension.swift */ = {isa = PBXFileReference; fileEncoding = 4; lastKnownFileType = sourcecode.swift; path = UIViewConstraintsExtension.swift; sourceTree = "<group>"; };
		8A929CD7233B43480071EFC0 /* Constants.swift */ = {isa = PBXFileReference; lastKnownFileType = sourcecode.swift; path = Constants.swift; sourceTree = "<group>"; };
		8A929D2A233BEAA90071EFC0 /* NetworkManager.swift */ = {isa = PBXFileReference; lastKnownFileType = sourcecode.swift; path = NetworkManager.swift; sourceTree = "<group>"; };
		8A929D2E233C05420071EFC0 /* BankOfIsraelParser.swift */ = {isa = PBXFileReference; lastKnownFileType = sourcecode.swift; path = BankOfIsraelParser.swift; sourceTree = "<group>"; };
		8A929D32233C0C5F0071EFC0 /* Currency.swift */ = {isa = PBXFileReference; lastKnownFileType = sourcecode.swift; path = Currency.swift; sourceTree = "<group>"; };
		8A97CCE62346A2F400DD4C3E /* NotificationCenter.framework */ = {isa = PBXFileReference; lastKnownFileType = wrapper.framework; name = NotificationCenter.framework; path = System/Library/Frameworks/NotificationCenter.framework; sourceTree = SDKROOT; };
		8AA911972552B5E200ABCAA9 /* RSSItem.swift */ = {isa = PBXFileReference; fileEncoding = 4; lastKnownFileType = sourcecode.swift; path = RSSItem.swift; sourceTree = "<group>"; };
		8AA9119A2552B5E200ABCAA9 /* RSSParser.swift */ = {isa = PBXFileReference; fileEncoding = 4; lastKnownFileType = sourcecode.swift; path = RSSParser.swift; sourceTree = "<group>"; };
		8AA911A32552BBF700ABCAA9 /* FeedTableViewController.swift */ = {isa = PBXFileReference; lastKnownFileType = sourcecode.swift; path = FeedTableViewController.swift; sourceTree = "<group>"; };
		8AA911A62552C01E00ABCAA9 /* FeedTableViewCell.swift */ = {isa = PBXFileReference; lastKnownFileType = sourcecode.swift; path = FeedTableViewCell.swift; sourceTree = "<group>"; };
		8AA911A72552C01E00ABCAA9 /* FeedTableViewCell.xib */ = {isa = PBXFileReference; lastKnownFileType = file.xib; path = FeedTableViewCell.xib; sourceTree = "<group>"; };
		8AA911AB2553047000ABCAA9 /* Locale+Extension.swift */ = {isa = PBXFileReference; lastKnownFileType = sourcecode.swift; path = "Locale+Extension.swift"; sourceTree = "<group>"; };
		8AA911CC2553307A00ABCAA9 /* Coordinator.swift */ = {isa = PBXFileReference; lastKnownFileType = sourcecode.swift; path = Coordinator.swift; sourceTree = "<group>"; };
		8AA911CF255330AE00ABCAA9 /* ApplicationCoordinator.swift */ = {isa = PBXFileReference; lastKnownFileType = sourcecode.swift; path = ApplicationCoordinator.swift; sourceTree = "<group>"; };
		8AA911D32553336B00ABCAA9 /* RatesViewController.xib */ = {isa = PBXFileReference; lastKnownFileType = file.xib; path = RatesViewController.xib; sourceTree = "<group>"; };
		8AA911DF2553B32800ABCAA9 /* NSObject+Extension.swift */ = {isa = PBXFileReference; fileEncoding = 4; lastKnownFileType = sourcecode.swift; path = "NSObject+Extension.swift"; sourceTree = "<group>"; };
		8AA911E52553B97100ABCAA9 /* FeedViewModel.swift */ = {isa = PBXFileReference; lastKnownFileType = sourcecode.swift; path = FeedViewModel.swift; sourceTree = "<group>"; };
		8AA911FC2554063D00ABCAA9 /* RatesViewModel.swift */ = {isa = PBXFileReference; lastKnownFileType = sourcecode.swift; path = RatesViewModel.swift; sourceTree = "<group>"; };
		8AA912002554237300ABCAA9 /* DateFormatter+Extension.swift */ = {isa = PBXFileReference; lastKnownFileType = sourcecode.swift; path = "DateFormatter+Extension.swift"; sourceTree = "<group>"; };
		8AA912192554283100ABCAA9 /* FeedTableViewController.xib */ = {isa = PBXFileReference; lastKnownFileType = file.xib; path = FeedTableViewController.xib; sourceTree = "<group>"; };
		8AA9121C2554300D00ABCAA9 /* RatesConverterViewController.swift */ = {isa = PBXFileReference; lastKnownFileType = sourcecode.swift; path = RatesConverterViewController.swift; sourceTree = "<group>"; };
		8AA9121D2554300D00ABCAA9 /* RatesConverterViewController.xib */ = {isa = PBXFileReference; lastKnownFileType = file.xib; path = RatesConverterViewController.xib; sourceTree = "<group>"; };
		8AA9122E25545F2000ABCAA9 /* RatesConverterViewModel.swift */ = {isa = PBXFileReference; lastKnownFileType = sourcecode.swift; path = RatesConverterViewModel.swift; sourceTree = "<group>"; };
		8AA9123225545F7000ABCAA9 /* InstagramStory.swift */ = {isa = PBXFileReference; lastKnownFileType = sourcecode.swift; path = InstagramStory.swift; sourceTree = "<group>"; };
		8AA912402555266C00ABCAA9 /* RatesConverterTableViewCell.swift */ = {isa = PBXFileReference; lastKnownFileType = sourcecode.swift; path = RatesConverterTableViewCell.swift; sourceTree = "<group>"; };
		8AA912412555266C00ABCAA9 /* RatesConverterTableViewCell.xib */ = {isa = PBXFileReference; lastKnownFileType = file.xib; path = RatesConverterTableViewCell.xib; sourceTree = "<group>"; };
		8AA9124A255530F800ABCAA9 /* UIImage+Extension.swift */ = {isa = PBXFileReference; lastKnownFileType = sourcecode.swift; path = "UIImage+Extension.swift"; sourceTree = "<group>"; };
		8ABB7A4F2551DC750023D59B /* RateTableViewCell.swift */ = {isa = PBXFileReference; lastKnownFileType = sourcecode.swift; path = RateTableViewCell.swift; sourceTree = "<group>"; };
		8ABB7A502551DC750023D59B /* RateTableViewCell.xib */ = {isa = PBXFileReference; lastKnownFileType = file.xib; path = RateTableViewCell.xib; sourceTree = "<group>"; };
		92D0FB790FC7B886AA1B367C /* Pods-Forex Converter.debug.xcconfig */ = {isa = PBXFileReference; includeInIndex = 1; lastKnownFileType = text.xcconfig; name = "Pods-Forex Converter.debug.xcconfig"; path = "Target Support Files/Pods-Forex Converter/Pods-Forex Converter.debug.xcconfig"; sourceTree = "<group>"; };
		F68C93A712B03DCAE450B9C4 /* Pods_Forex_Converter.framework */ = {isa = PBXFileReference; explicitFileType = wrapper.framework; includeInIndex = 0; path = Pods_Forex_Converter.framework; sourceTree = BUILT_PRODUCTS_DIR; };
/* End PBXFileReference section */

/* Begin PBXFrameworksBuildPhase section */
		8A929C91233B31690071EFC0 /* Frameworks */ = {
			isa = PBXFrameworksBuildPhase;
			buildActionMask = 2147483647;
			files = (
				8A79B5BF234B048900B1DBA6 /* Alamofire in Frameworks */,
				B2038B8011D0C71F34A0FC15 /* Pods_Forex_Converter.framework in Frameworks */,
			);
			runOnlyForDeploymentPostprocessing = 0;
		};
/* End PBXFrameworksBuildPhase section */

/* Begin PBXGroup section */
		8A57CB9123599BD0008FEFCE /* Analytics */ = {
			isa = PBXGroup;
			children = (
				8A57CB9423599BD0008FEFCE /* AnalyticsReporter.swift */,
				8A57CB9523599BD0008FEFCE /* AnalyticsReporterWrapper.swift */,
				8A57CB9223599BD0008FEFCE /* AnalyticsScreenViews.swift */,
			);
			path = Analytics;
			sourceTree = "<group>";
		};
		8A57CBA02359B924008FEFCE /* Base View Controllers */ = {
			isa = PBXGroup;
			children = (
				8A57CB9C2359A027008FEFCE /* VisibilityTrackingViewController.swift */,
				8A57CB9E2359B821008FEFCE /* ForexConverterViewController.swift */,
			);
			path = "Base View Controllers";
			sourceTree = "<group>";
		};
		8A929C8B233B31690071EFC0 = {
			isa = PBXGroup;
			children = (
				8A929C96233B31690071EFC0 /* Forex Converter */,
				8A97CCE52346A2F400DD4C3E /* Frameworks */,
				8A929C95233B31690071EFC0 /* Products */,
				F20DE492FA9D372871D5122F /* Pods */,
			);
			sourceTree = "<group>";
		};
		8A929C95233B31690071EFC0 /* Products */ = {
			isa = PBXGroup;
			children = (
				8A929C94233B31690071EFC0 /* Forex Converter.app */,
			);
			name = Products;
			sourceTree = "<group>";
		};
		8A929C96233B31690071EFC0 /* Forex Converter */ = {
			isa = PBXGroup;
			children = (
				8A6154FE2368FE5800D0B439 /* Forex Converter.entitlements */,
				8AA911F9255405A300ABCAA9 /* Application */,
				8AA911E9255404A900ABCAA9 /* Coordinator */,
				8AA911EC255404CE00ABCAA9 /* Models */,
				8AA911EE255404FB00ABCAA9 /* Views */,
				8AA911EB255404B600ABCAA9 /* View Models */,
				8AA911982552B5E200ABCAA9 /* Components */,
				8AA911E32553B3B700ABCAA9 /* Extensions */,
				8A57CB9123599BD0008FEFCE /* Analytics */,
				8AE9EBC4234BAE270081646D /* Common */,
				8AE9EBBF234BADA40081646D /* Resources */,
				8A929CA3233B316B0071EFC0 /* LaunchScreen.storyboard */,
				8A929CA6233B316B0071EFC0 /* Info.plist */,
				8A929C9E233B31690071EFC0 /* Forex_Converter.xcdatamodeld */,
			);
			path = "Forex Converter";
			sourceTree = "<group>";
		};
		8A929CCA233B336B0071EFC0 /* Base View */ = {
			isa = PBXGroup;
			children = (
				8A929CCB233B336B0071EFC0 /* StoryboardCustomXibView.swift */,
				8A929CCC233B336B0071EFC0 /* UIViewConstraintsExtension.swift */,
			);
			path = "Base View";
			sourceTree = "<group>";
		};
		8A97CCE52346A2F400DD4C3E /* Frameworks */ = {
			isa = PBXGroup;
			children = (
				8A97CCE62346A2F400DD4C3E /* NotificationCenter.framework */,
				F68C93A712B03DCAE450B9C4 /* Pods_Forex_Converter.framework */,
			);
			name = Frameworks;
			sourceTree = "<group>";
		};
		8AA911982552B5E200ABCAA9 /* Components */ = {
			isa = PBXGroup;
			children = (
				8A57CBA02359B924008FEFCE /* Base View Controllers */,
				8A929CCA233B336B0071EFC0 /* Base View */,
				8AA9119A2552B5E200ABCAA9 /* RSSParser.swift */,
				8A929D2E233C05420071EFC0 /* BankOfIsraelParser.swift */,
				8A929D2A233BEAA90071EFC0 /* NetworkManager.swift */,
			);
			path = Components;
			sourceTree = "<group>";
		};
		8AA911E32553B3B700ABCAA9 /* Extensions */ = {
			isa = PBXGroup;
			children = (
				8AA911AB2553047000ABCAA9 /* Locale+Extension.swift */,
				8AA911DF2553B32800ABCAA9 /* NSObject+Extension.swift */,
				8AA912002554237300ABCAA9 /* DateFormatter+Extension.swift */,
				8AA9124A255530F800ABCAA9 /* UIImage+Extension.swift */,
			);
			path = Extensions;
			sourceTree = "<group>";
		};
		8AA911E9255404A900ABCAA9 /* Coordinator */ = {
			isa = PBXGroup;
			children = (
				8AA911CC2553307A00ABCAA9 /* Coordinator.swift */,
				8AA911CF255330AE00ABCAA9 /* ApplicationCoordinator.swift */,
			);
			path = Coordinator;
			sourceTree = "<group>";
		};
		8AA911EB255404B600ABCAA9 /* View Models */ = {
			isa = PBXGroup;
			children = (
				8AA911FC2554063D00ABCAA9 /* RatesViewModel.swift */,
				8AA9122E25545F2000ABCAA9 /* RatesConverterViewModel.swift */,
				8AA911E52553B97100ABCAA9 /* FeedViewModel.swift */,
			);
			path = "View Models";
			sourceTree = "<group>";
		};
		8AA911EC255404CE00ABCAA9 /* Models */ = {
			isa = PBXGroup;
			children = (
				8A929D32233C0C5F0071EFC0 /* Currency.swift */,
				8AA911972552B5E200ABCAA9 /* RSSItem.swift */,
				8AA9123225545F7000ABCAA9 /* InstagramStory.swift */,
			);
			path = Models;
			sourceTree = "<group>";
		};
		8AA911EE255404FB00ABCAA9 /* Views */ = {
			isa = PBXGroup;
			children = (
				8AA911F32554052B00ABCAA9 /* Screens */,
			);
			path = Views;
			sourceTree = "<group>";
		};
		8AA911F32554052B00ABCAA9 /* Screens */ = {
			isa = PBXGroup;
			children = (
				8AA911F42554053C00ABCAA9 /* Rates */,
				8AA912212554301200ABCAA9 /* Rates Converter */,
				8AA911F62554054900ABCAA9 /* RSS Feed */,
			);
			path = Screens;
			sourceTree = "<group>";
		};
		8AA911F42554053C00ABCAA9 /* Rates */ = {
			isa = PBXGroup;
			children = (
				8A351C8A2551E3FD0063289B /* RatesViewController.swift */,
				8AA911D32553336B00ABCAA9 /* RatesViewController.xib */,
				8AA91206255425F600ABCAA9 /* Cells */,
			);
			path = Rates;
			sourceTree = "<group>";
		};
		8AA911F62554054900ABCAA9 /* RSS Feed */ = {
			isa = PBXGroup;
			children = (
				8AA911A32552BBF700ABCAA9 /* FeedTableViewController.swift */,
				8AA912192554283100ABCAA9 /* FeedTableViewController.xib */,
				8AA91208255425FC00ABCAA9 /* Cells */,
			);
			path = "RSS Feed";
			sourceTree = "<group>";
		};
		8AA911F9255405A300ABCAA9 /* Application */ = {
			isa = PBXGroup;
			children = (
				8A351C872551E11E0063289B /* Application.swift */,
				8A929CD7233B43480071EFC0 /* Constants.swift */,
				8A929C97233B31690071EFC0 /* AppDelegate.swift */,
				8A19EC012351D9D100744D65 /* AppDelegateWrapper.swift */,
			);
			path = Application;
			sourceTree = "<group>";
		};
		8AA91206255425F600ABCAA9 /* Cells */ = {
			isa = PBXGroup;
			children = (
				8ABB7A4F2551DC750023D59B /* RateTableViewCell.swift */,
				8ABB7A502551DC750023D59B /* RateTableViewCell.xib */,
			);
			path = Cells;
			sourceTree = "<group>";
		};
		8AA91208255425FC00ABCAA9 /* Cells */ = {
			isa = PBXGroup;
			children = (
				8AA911A62552C01E00ABCAA9 /* FeedTableViewCell.swift */,
				8AA911A72552C01E00ABCAA9 /* FeedTableViewCell.xib */,
			);
			path = Cells;
			sourceTree = "<group>";
		};
		8AA912212554301200ABCAA9 /* Rates Converter */ = {
			isa = PBXGroup;
			children = (
				8AA9121C2554300D00ABCAA9 /* RatesConverterViewController.swift */,
				8AA9121D2554300D00ABCAA9 /* RatesConverterViewController.xib */,
				8AA912452555277E00ABCAA9 /* Cells */,
			);
			path = "Rates Converter";
			sourceTree = "<group>";
		};
		8AA912452555277E00ABCAA9 /* Cells */ = {
			isa = PBXGroup;
			children = (
				8AA912402555266C00ABCAA9 /* RatesConverterTableViewCell.swift */,
				8AA912412555266C00ABCAA9 /* RatesConverterTableViewCell.xib */,
			);
			path = Cells;
			sourceTree = "<group>";
		};
		8AE9EBBF234BADA40081646D /* Resources */ = {
			isa = PBXGroup;
			children = (
				8A57CB8F23599575008FEFCE /* GoogleService-Info.plist */,
				8A929CA1233B316B0071EFC0 /* Assets.xcassets */,
				8A6154FF2368FEA600D0B439 /* Strings.bundle */,
			);
			path = Resources;
			sourceTree = "<group>";
		};
		8AE9EBC4234BAE270081646D /* Common */ = {
			isa = PBXGroup;
			children = (
			);
			path = Common;
			sourceTree = "<group>";
		};
		F20DE492FA9D372871D5122F /* Pods */ = {
			isa = PBXGroup;
			children = (
				92D0FB790FC7B886AA1B367C /* Pods-Forex Converter.debug.xcconfig */,
				48DF566611D4B81295D88904 /* Pods-Forex Converter.release.xcconfig */,
			);
			path = Pods;
			sourceTree = "<group>";
		};
/* End PBXGroup section */

/* Begin PBXNativeTarget section */
		8A929C93233B31690071EFC0 /* Forex Converter */ = {
			isa = PBXNativeTarget;
			buildConfigurationList = 8A929CBF233B316B0071EFC0 /* Build configuration list for PBXNativeTarget "Forex Converter" */;
			buildPhases = (
				5056009A29E7481B46B489AD /* [CP] Check Pods Manifest.lock */,
				2FB5AB8AABCCD473BE95DE78 /* [CP] Prepare Artifacts */,
				8A929C90233B31690071EFC0 /* Sources */,
				8A929C91233B31690071EFC0 /* Frameworks */,
				8A929C92233B31690071EFC0 /* Resources */,
				8A97CCF22346A2F400DD4C3E /* Embed App Extensions */,
				C6F77FEE732036503098834C /* [CP] Embed Pods Frameworks */,
			);
			buildRules = (
			);
			dependencies = (
			);
			name = "Forex Converter";
			packageProductDependencies = (
				8A79B5BE234B048900B1DBA6 /* Alamofire */,
			);
			productName = "Forex Converter";
			productReference = 8A929C94233B31690071EFC0 /* Forex Converter.app */;
			productType = "com.apple.product-type.application";
		};
/* End PBXNativeTarget section */

/* Begin PBXProject section */
		8A929C8C233B31690071EFC0 /* Project object */ = {
			isa = PBXProject;
			attributes = {
				CLASSPREFIX = "";
				LastSwiftUpdateCheck = 1100;
				LastUpgradeCheck = 1210;
				ORGANIZATIONNAME = "Idan Moshe";
				TargetAttributes = {
					8A929C93233B31690071EFC0 = {
						CreatedOnToolsVersion = 10.3;
					};
				};
			};
			buildConfigurationList = 8A929C8F233B31690071EFC0 /* Build configuration list for PBXProject "Forex Converter" */;
			compatibilityVersion = "Xcode 9.3";
			developmentRegion = en;
			hasScannedForEncodings = 0;
			knownRegions = (
				en,
				Base,
			);
			mainGroup = 8A929C8B233B31690071EFC0;
			packageReferences = (
				8A79B5BD234B048900B1DBA6 /* XCRemoteSwiftPackageReference "Alamofire" */,
			);
			productRefGroup = 8A929C95233B31690071EFC0 /* Products */;
			projectDirPath = "";
			projectRoot = "";
			targets = (
				8A929C93233B31690071EFC0 /* Forex Converter */,
			);
		};
/* End PBXProject section */

/* Begin PBXResourcesBuildPhase section */
		8A929C92233B31690071EFC0 /* Resources */ = {
			isa = PBXResourcesBuildPhase;
			buildActionMask = 2147483647;
			files = (
				8ABB7A522551DC750023D59B /* RateTableViewCell.xib in Resources */,
				8A929CA5233B316B0071EFC0 /* LaunchScreen.storyboard in Resources */,
				8A929CA2233B316B0071EFC0 /* Assets.xcassets in Resources */,
				8A6155002368FEA600D0B439 /* Strings.bundle in Resources */,
				8AA9121A2554283100ABCAA9 /* FeedTableViewController.xib in Resources */,
				8AA911D42553336B00ABCAA9 /* RatesViewController.xib in Resources */,
				8AA911A92552C01E00ABCAA9 /* FeedTableViewCell.xib in Resources */,
				8A57CB9023599575008FEFCE /* GoogleService-Info.plist in Resources */,
				8AA9121F2554300D00ABCAA9 /* RatesConverterViewController.xib in Resources */,
				8AA912432555266C00ABCAA9 /* RatesConverterTableViewCell.xib in Resources */,
			);
			runOnlyForDeploymentPostprocessing = 0;
		};
/* End PBXResourcesBuildPhase section */

/* Begin PBXShellScriptBuildPhase section */
		2FB5AB8AABCCD473BE95DE78 /* [CP] Prepare Artifacts */ = {
			isa = PBXShellScriptBuildPhase;
			buildActionMask = 2147483647;
			files = (
			);
			inputFileListPaths = (
				"${PODS_ROOT}/Target Support Files/Pods-Forex Converter/Pods-Forex Converter-artifacts-${CONFIGURATION}-input-files.xcfilelist",
			);
			name = "[CP] Prepare Artifacts";
			outputFileListPaths = (
				"${PODS_ROOT}/Target Support Files/Pods-Forex Converter/Pods-Forex Converter-artifacts-${CONFIGURATION}-output-files.xcfilelist",
			);
			runOnlyForDeploymentPostprocessing = 0;
			shellPath = /bin/sh;
			shellScript = "\"${PODS_ROOT}/Target Support Files/Pods-Forex Converter/Pods-Forex Converter-artifacts.sh\"\n";
			showEnvVarsInLog = 0;
		};
		5056009A29E7481B46B489AD /* [CP] Check Pods Manifest.lock */ = {
			isa = PBXShellScriptBuildPhase;
			buildActionMask = 2147483647;
			files = (
			);
			inputFileListPaths = (
			);
			inputPaths = (
				"${PODS_PODFILE_DIR_PATH}/Podfile.lock",
				"${PODS_ROOT}/Manifest.lock",
			);
			name = "[CP] Check Pods Manifest.lock";
			outputFileListPaths = (
			);
			outputPaths = (
				"$(DERIVED_FILE_DIR)/Pods-Forex Converter-checkManifestLockResult.txt",
			);
			runOnlyForDeploymentPostprocessing = 0;
			shellPath = /bin/sh;
			shellScript = "diff \"${PODS_PODFILE_DIR_PATH}/Podfile.lock\" \"${PODS_ROOT}/Manifest.lock\" > /dev/null\nif [ $? != 0 ] ; then\n    # print error to STDERR\n    echo \"error: The sandbox is not in sync with the Podfile.lock. Run 'pod install' or update your CocoaPods installation.\" >&2\n    exit 1\nfi\n# This output is used by Xcode 'outputs' to avoid re-running this script phase.\necho \"SUCCESS\" > \"${SCRIPT_OUTPUT_FILE_0}\"\n";
			showEnvVarsInLog = 0;
		};
		C6F77FEE732036503098834C /* [CP] Embed Pods Frameworks */ = {
			isa = PBXShellScriptBuildPhase;
			buildActionMask = 2147483647;
			files = (
			);
			inputFileListPaths = (
				"${PODS_ROOT}/Target Support Files/Pods-Forex Converter/Pods-Forex Converter-frameworks-${CONFIGURATION}-input-files.xcfilelist",
			);
			name = "[CP] Embed Pods Frameworks";
			outputFileListPaths = (
				"${PODS_ROOT}/Target Support Files/Pods-Forex Converter/Pods-Forex Converter-frameworks-${CONFIGURATION}-output-files.xcfilelist",
			);
			runOnlyForDeploymentPostprocessing = 0;
			shellPath = /bin/sh;
			shellScript = "\"${PODS_ROOT}/Target Support Files/Pods-Forex Converter/Pods-Forex Converter-frameworks.sh\"\n";
			showEnvVarsInLog = 0;
		};
/* End PBXShellScriptBuildPhase section */

/* Begin PBXSourcesBuildPhase section */
		8A929C90233B31690071EFC0 /* Sources */ = {
			isa = PBXSourcesBuildPhase;
			buildActionMask = 2147483647;
			files = (
				8AA911FD2554063D00ABCAA9 /* RatesViewModel.swift in Sources */,
				8AA911CD2553307A00ABCAA9 /* Coordinator.swift in Sources */,
				8A57CB9F2359B821008FEFCE /* ForexConverterViewController.swift in Sources */,
				8A57CB9D2359A027008FEFCE /* VisibilityTrackingViewController.swift in Sources */,
				8A929D2F233C05420071EFC0 /* BankOfIsraelParser.swift in Sources */,
				8AA911AC2553047000ABCAA9 /* Locale+Extension.swift in Sources */,
				8AA9122F25545F2000ABCAA9 /* RatesConverterViewModel.swift in Sources */,
				8AA9119C2552B5E200ABCAA9 /* RSSItem.swift in Sources */,
				8A929D2B233BEAA90071EFC0 /* NetworkManager.swift in Sources */,
				8AA9119E2552B5E200ABCAA9 /* RSSParser.swift in Sources */,
				8A351C8B2551E3FD0063289B /* RatesViewController.swift in Sources */,
				8A929CCD233B336C0071EFC0 /* StoryboardCustomXibView.swift in Sources */,
				8A19EC022351D9D100744D65 /* AppDelegateWrapper.swift in Sources */,
				8AA911E02553B32800ABCAA9 /* NSObject+Extension.swift in Sources */,
				8A929D33233C0C5F0071EFC0 /* Currency.swift in Sources */,
				8A57CB9723599BD0008FEFCE /* AnalyticsScreenViews.swift in Sources */,
				8A929C98233B31690071EFC0 /* AppDelegate.swift in Sources */,
				8A929CCE233B336C0071EFC0 /* UIViewConstraintsExtension.swift in Sources */,
				8A351C882551E11E0063289B /* Application.swift in Sources */,
				8A929CA0233B31690071EFC0 /* Forex_Converter.xcdatamodeld in Sources */,
				8A57CB9A23599BD0008FEFCE /* AnalyticsReporterWrapper.swift in Sources */,
				8AA9121E2554300D00ABCAA9 /* RatesConverterViewController.swift in Sources */,
				8AA911E62553B97100ABCAA9 /* FeedViewModel.swift in Sources */,
				8A57CB9923599BD0008FEFCE /* AnalyticsReporter.swift in Sources */,
				8AA911A82552C01E00ABCAA9 /* FeedTableViewCell.swift in Sources */,
				8AA911A42552BBF700ABCAA9 /* FeedTableViewController.swift in Sources */,
				8AA9124B255530F800ABCAA9 /* UIImage+Extension.swift in Sources */,
				8AA912422555266C00ABCAA9 /* RatesConverterTableViewCell.swift in Sources */,
				8A929CD8233B43480071EFC0 /* Constants.swift in Sources */,
				8AA912012554237300ABCAA9 /* DateFormatter+Extension.swift in Sources */,
				8ABB7A512551DC750023D59B /* RateTableViewCell.swift in Sources */,
				8AA9123325545F7000ABCAA9 /* InstagramStory.swift in Sources */,
				8AA911D0255330AE00ABCAA9 /* ApplicationCoordinator.swift in Sources */,
			);
			runOnlyForDeploymentPostprocessing = 0;
		};
/* End PBXSourcesBuildPhase section */

/* Begin PBXVariantGroup section */
		8A929CA3233B316B0071EFC0 /* LaunchScreen.storyboard */ = {
			isa = PBXVariantGroup;
			children = (
				8A929CA4233B316B0071EFC0 /* Base */,
			);
			name = LaunchScreen.storyboard;
			sourceTree = "<group>";
		};
/* End PBXVariantGroup section */

/* Begin XCBuildConfiguration section */
		8A929CBD233B316B0071EFC0 /* Debug */ = {
			isa = XCBuildConfiguration;
			buildSettings = {
				ALWAYS_SEARCH_USER_PATHS = NO;
				CLANG_ANALYZER_LOCALIZABILITY_NONLOCALIZED = YES;
				CLANG_ANALYZER_NONNULL = YES;
				CLANG_ANALYZER_NUMBER_OBJECT_CONVERSION = YES_AGGRESSIVE;
				CLANG_CXX_LANGUAGE_STANDARD = "gnu++14";
				CLANG_CXX_LIBRARY = "libc++";
				CLANG_ENABLE_MODULES = YES;
				CLANG_ENABLE_OBJC_ARC = YES;
				CLANG_ENABLE_OBJC_WEAK = YES;
				CLANG_WARN_BLOCK_CAPTURE_AUTORELEASING = YES;
				CLANG_WARN_BOOL_CONVERSION = YES;
				CLANG_WARN_COMMA = YES;
				CLANG_WARN_CONSTANT_CONVERSION = YES;
				CLANG_WARN_DEPRECATED_OBJC_IMPLEMENTATIONS = YES;
				CLANG_WARN_DIRECT_OBJC_ISA_USAGE = YES_ERROR;
				CLANG_WARN_DOCUMENTATION_COMMENTS = YES;
				CLANG_WARN_EMPTY_BODY = YES;
				CLANG_WARN_ENUM_CONVERSION = YES;
				CLANG_WARN_INFINITE_RECURSION = YES;
				CLANG_WARN_INT_CONVERSION = YES;
				CLANG_WARN_NON_LITERAL_NULL_CONVERSION = YES;
				CLANG_WARN_OBJC_IMPLICIT_RETAIN_SELF = YES;
				CLANG_WARN_OBJC_LITERAL_CONVERSION = YES;
				CLANG_WARN_OBJC_ROOT_CLASS = YES_ERROR;
				CLANG_WARN_QUOTED_INCLUDE_IN_FRAMEWORK_HEADER = YES;
				CLANG_WARN_RANGE_LOOP_ANALYSIS = YES;
				CLANG_WARN_STRICT_PROTOTYPES = YES;
				CLANG_WARN_SUSPICIOUS_MOVE = YES;
				CLANG_WARN_UNGUARDED_AVAILABILITY = YES_AGGRESSIVE;
				CLANG_WARN_UNREACHABLE_CODE = YES;
				CLANG_WARN__DUPLICATE_METHOD_MATCH = YES;
				CODE_SIGN_IDENTITY = "iPhone Developer";
				COPY_PHASE_STRIP = NO;
				DEBUG_INFORMATION_FORMAT = dwarf;
				ENABLE_STRICT_OBJC_MSGSEND = YES;
				ENABLE_TESTABILITY = YES;
				GCC_C_LANGUAGE_STANDARD = gnu11;
				GCC_DYNAMIC_NO_PIC = NO;
				GCC_NO_COMMON_BLOCKS = YES;
				GCC_OPTIMIZATION_LEVEL = 0;
				GCC_PREPROCESSOR_DEFINITIONS = (
					"DEBUG=1",
					"$(inherited)",
				);
				GCC_WARN_64_TO_32_BIT_CONVERSION = YES;
				GCC_WARN_ABOUT_RETURN_TYPE = YES_ERROR;
				GCC_WARN_UNDECLARED_SELECTOR = YES;
				GCC_WARN_UNINITIALIZED_AUTOS = YES_AGGRESSIVE;
				GCC_WARN_UNUSED_FUNCTION = YES;
				GCC_WARN_UNUSED_VARIABLE = YES;
				IPHONEOS_DEPLOYMENT_TARGET = 13.0;
				MTL_ENABLE_DEBUG_INFO = INCLUDE_SOURCE;
				MTL_FAST_MATH = YES;
				ONLY_ACTIVE_ARCH = YES;
				SDKROOT = iphoneos;
				SWIFT_ACTIVE_COMPILATION_CONDITIONS = DEBUG;
				SWIFT_OPTIMIZATION_LEVEL = "-Onone";
			};
			name = Debug;
		};
		8A929CBE233B316B0071EFC0 /* Release */ = {
			isa = XCBuildConfiguration;
			buildSettings = {
				ALWAYS_SEARCH_USER_PATHS = NO;
				CLANG_ANALYZER_LOCALIZABILITY_NONLOCALIZED = YES;
				CLANG_ANALYZER_NONNULL = YES;
				CLANG_ANALYZER_NUMBER_OBJECT_CONVERSION = YES_AGGRESSIVE;
				CLANG_CXX_LANGUAGE_STANDARD = "gnu++14";
				CLANG_CXX_LIBRARY = "libc++";
				CLANG_ENABLE_MODULES = YES;
				CLANG_ENABLE_OBJC_ARC = YES;
				CLANG_ENABLE_OBJC_WEAK = YES;
				CLANG_WARN_BLOCK_CAPTURE_AUTORELEASING = YES;
				CLANG_WARN_BOOL_CONVERSION = YES;
				CLANG_WARN_COMMA = YES;
				CLANG_WARN_CONSTANT_CONVERSION = YES;
				CLANG_WARN_DEPRECATED_OBJC_IMPLEMENTATIONS = YES;
				CLANG_WARN_DIRECT_OBJC_ISA_USAGE = YES_ERROR;
				CLANG_WARN_DOCUMENTATION_COMMENTS = YES;
				CLANG_WARN_EMPTY_BODY = YES;
				CLANG_WARN_ENUM_CONVERSION = YES;
				CLANG_WARN_INFINITE_RECURSION = YES;
				CLANG_WARN_INT_CONVERSION = YES;
				CLANG_WARN_NON_LITERAL_NULL_CONVERSION = YES;
				CLANG_WARN_OBJC_IMPLICIT_RETAIN_SELF = YES;
				CLANG_WARN_OBJC_LITERAL_CONVERSION = YES;
				CLANG_WARN_OBJC_ROOT_CLASS = YES_ERROR;
				CLANG_WARN_QUOTED_INCLUDE_IN_FRAMEWORK_HEADER = YES;
				CLANG_WARN_RANGE_LOOP_ANALYSIS = YES;
				CLANG_WARN_STRICT_PROTOTYPES = YES;
				CLANG_WARN_SUSPICIOUS_MOVE = YES;
				CLANG_WARN_UNGUARDED_AVAILABILITY = YES_AGGRESSIVE;
				CLANG_WARN_UNREACHABLE_CODE = YES;
				CLANG_WARN__DUPLICATE_METHOD_MATCH = YES;
				CODE_SIGN_IDENTITY = "iPhone Developer";
				COPY_PHASE_STRIP = NO;
				DEBUG_INFORMATION_FORMAT = "dwarf-with-dsym";
				ENABLE_NS_ASSERTIONS = NO;
				ENABLE_STRICT_OBJC_MSGSEND = YES;
				GCC_C_LANGUAGE_STANDARD = gnu11;
				GCC_NO_COMMON_BLOCKS = YES;
				GCC_WARN_64_TO_32_BIT_CONVERSION = YES;
				GCC_WARN_ABOUT_RETURN_TYPE = YES_ERROR;
				GCC_WARN_UNDECLARED_SELECTOR = YES;
				GCC_WARN_UNINITIALIZED_AUTOS = YES_AGGRESSIVE;
				GCC_WARN_UNUSED_FUNCTION = YES;
				GCC_WARN_UNUSED_VARIABLE = YES;
				IPHONEOS_DEPLOYMENT_TARGET = 13.0;
				MTL_ENABLE_DEBUG_INFO = NO;
				MTL_FAST_MATH = YES;
				SDKROOT = iphoneos;
				SWIFT_COMPILATION_MODE = wholemodule;
				SWIFT_OPTIMIZATION_LEVEL = "-O";
				VALIDATE_PRODUCT = YES;
			};
			name = Release;
		};
		8A929CC0233B316B0071EFC0 /* Debug */ = {
			isa = XCBuildConfiguration;
			baseConfigurationReference = 92D0FB790FC7B886AA1B367C /* Pods-Forex Converter.debug.xcconfig */;
			buildSettings = {
				ALWAYS_EMBED_SWIFT_STANDARD_LIBRARIES = YES;
				ASSETCATALOG_COMPILER_APPICON_NAME = AppIcon;
				CODE_SIGN_ENTITLEMENTS = "Forex Converter/Forex Converter.entitlements";
				CODE_SIGN_STYLE = Automatic;
				CURRENT_PROJECT_VERSION = 1.0;
				DEVELOPMENT_TEAM = N3N3LX399B;
				INFOPLIST_FILE = "Forex Converter/Info.plist";
				IPHONEOS_DEPLOYMENT_TARGET = 12.0;
				LD_RUNPATH_SEARCH_PATHS = (
					"$(inherited)",
					"@executable_path/Frameworks",
				);
				MARKETING_VERSION = 2.1;
				PRODUCT_BUNDLE_IDENTIFIER = com.idanmoshe.forexconverter;
				PRODUCT_NAME = "$(TARGET_NAME)";
				SUPPORTS_MACCATALYST = NO;
				SWIFT_VERSION = 5.0;
				TARGETED_DEVICE_FAMILY = "1,2";
			};
			name = Debug;
		};
		8A929CC1233B316B0071EFC0 /* Release */ = {
			isa = XCBuildConfiguration;
			baseConfigurationReference = 48DF566611D4B81295D88904 /* Pods-Forex Converter.release.xcconfig */;
			buildSettings = {
				ALWAYS_EMBED_SWIFT_STANDARD_LIBRARIES = YES;
				ASSETCATALOG_COMPILER_APPICON_NAME = AppIcon;
				CODE_SIGN_ENTITLEMENTS = "Forex Converter/Forex Converter.entitlements";
				CODE_SIGN_STYLE = Automatic;
				CURRENT_PROJECT_VERSION = 1.0;
				DEVELOPMENT_TEAM = N3N3LX399B;
				INFOPLIST_FILE = "Forex Converter/Info.plist";
				IPHONEOS_DEPLOYMENT_TARGET = 12.0;
				LD_RUNPATH_SEARCH_PATHS = (
					"$(inherited)",
					"@executable_path/Frameworks",
				);
				MARKETING_VERSION = 2.1;
				PRODUCT_BUNDLE_IDENTIFIER = com.idanmoshe.forexconverter;
				PRODUCT_NAME = "$(TARGET_NAME)";
				SUPPORTS_MACCATALYST = NO;
				SWIFT_VERSION = 5.0;
				TARGETED_DEVICE_FAMILY = "1,2";
			};
			name = Release;
		};
/* End XCBuildConfiguration section */

/* Begin XCConfigurationList section */
		8A929C8F233B31690071EFC0 /* Build configuration list for PBXProject "Forex Converter" */ = {
			isa = XCConfigurationList;
			buildConfigurations = (
				8A929CBD233B316B0071EFC0 /* Debug */,
				8A929CBE233B316B0071EFC0 /* Release */,
			);
			defaultConfigurationIsVisible = 0;
			defaultConfigurationName = Release;
		};
		8A929CBF233B316B0071EFC0 /* Build configuration list for PBXNativeTarget "Forex Converter" */ = {
			isa = XCConfigurationList;
			buildConfigurations = (
				8A929CC0233B316B0071EFC0 /* Debug */,
				8A929CC1233B316B0071EFC0 /* Release */,
			);
			defaultConfigurationIsVisible = 0;
			defaultConfigurationName = Release;
		};
/* End XCConfigurationList section */

/* Begin XCRemoteSwiftPackageReference section */
		8A79B5BD234B048900B1DBA6 /* XCRemoteSwiftPackageReference "Alamofire" */ = {
			isa = XCRemoteSwiftPackageReference;
			repositoryURL = "https://github.com/Alamofire/Alamofire.git";
			requirement = {
				kind = upToNextMajorVersion;
				minimumVersion = 4.9.0;
			};
		};
/* End XCRemoteSwiftPackageReference section */

/* Begin XCSwiftPackageProductDependency section */
		8A79B5BE234B048900B1DBA6 /* Alamofire */ = {
			isa = XCSwiftPackageProductDependency;
			package = 8A79B5BD234B048900B1DBA6 /* XCRemoteSwiftPackageReference "Alamofire" */;
			productName = Alamofire;
		};
/* End XCSwiftPackageProductDependency section */

/* Begin XCVersionGroup section */
		8A929C9E233B31690071EFC0 /* Forex_Converter.xcdatamodeld */ = {
			isa = XCVersionGroup;
			children = (
				8A929C9F233B31690071EFC0 /* Forex_Converter.xcdatamodel */,
			);
			currentVersion = 8A929C9F233B31690071EFC0 /* Forex_Converter.xcdatamodel */;
			path = Forex_Converter.xcdatamodeld;
			sourceTree = "<group>";
			versionGroupType = wrapper.xcdatamodel;
		};
/* End XCVersionGroup section */
	};
	rootObject = 8A929C8C233B31690071EFC0 /* Project object */;
}
